
Microsoft Visual Studio Solution File, Format Version 12.00
# Visual Studio Version 16
VisualStudioVersion = 16.0.30907.101
MinimumVisualStudioVersion = 10.0.40219.1
Project("{9A19103F-16F7-4668-BE54-9A1E7A4F7556}") = "MineSweeper2P-t8hgxr-WinForms", "MineSweeper2P-t8hgxr-WinForms.csproj", "{560ECBFB-8DC1-4FB7-9292-84C1E8393AE7}"
EndProject
Project("{9A19103F-16F7-4668-BE54-9A1E7A4F7556}") = "MineSweeper2PTest-t8hxgr-elso", "..\MineSweeper2PTest-t8hxgr-elso\MineSweeper2PTest-t8hxgr-elso.csproj", "{A428B072-B357-4CA2-B18C-2D88BA73BE18}"
EndProject
Project("{FAE04EC0-301F-11D3-BF4B-00C04F79EFBC}") = "MineSweeper2P-t8hgxr-WPF", "..\MineSweeper2P-t8hgxr-WPF\MineSweeper2P-t8hgxr-WPF.csproj", "{4156F931-2DEC-4A73-A0F7-A3A07FA76F70}"
EndProject
Global
	GlobalSection(SolutionConfigurationPlatforms) = preSolution
		Debug|Any CPU = Debug|Any CPU
		Release|Any CPU = Release|Any CPU
	EndGlobalSection
	GlobalSection(ProjectConfigurationPlatforms) = postSolution
		{560ECBFB-8DC1-4FB7-9292-84C1E8393AE7}.Debug|Any CPU.ActiveCfg = Debug|Any CPU
		{560ECBFB-8DC1-4FB7-9292-84C1E8393AE7}.Debug|Any CPU.Build.0 = Debug|Any CPU
		{560ECBFB-8DC1-4FB7-9292-84C1E8393AE7}.Release|Any CPU.ActiveCfg = Release|Any CPU
		{560ECBFB-8DC1-4FB7-9292-84C1E8393AE7}.Release|Any CPU.Build.0 = Release|Any CPU
		{A428B072-B357-4CA2-B18C-2D88BA73BE18}.Debug|Any CPU.ActiveCfg = Debug|Any CPU
		{A428B072-B357-4CA2-B18C-2D88BA73BE18}.Debug|Any CPU.Build.0 = Debug|Any CPU
		{A428B072-B357-4CA2-B18C-2D88BA73BE18}.Release|Any CPU.ActiveCfg = Release|Any CPU
		{A428B072-B357-4CA2-B18C-2D88BA73BE18}.Release|Any CPU.Build.0 = Release|Any CPU
		{4156F931-2DEC-4A73-A0F7-A3A07FA76F70}.Debug|Any CPU.ActiveCfg = Debug|Any CPU
		{4156F931-2DEC-4A73-A0F7-A3A07FA76F70}.Debug|Any CPU.Build.0 = Debug|Any CPU
		{4156F931-2DEC-4A73-A0F7-A3A07FA76F70}.Release|Any CPU.ActiveCfg = Release|Any CPU
		{4156F931-2DEC-4A73-A0F7-A3A07FA76F70}.Release|Any CPU.Build.0 = Release|Any CPU
	EndGlobalSection
	GlobalSection(SolutionProperties) = preSolution
		HideSolutionNode = FALSE
	EndGlobalSection
	GlobalSection(ExtensibilityGlobals) = postSolution
		SolutionGuid = {0B102D10-8F22-4955-BDC9-1B61107E9D53}
	EndGlobalSection
EndGlobal
